{
  "version": 1,
  "dependencies": {
    "net8.0-windows7.0": {
      "DalamudPackager": {
        "type": "Direct",
        "requested": "[2.1.12, )",
        "resolved": "2.1.12",
        "contentHash": "Sc0PVxvgg4NQjcI8n10/VfUQBAS4O+Fw2pZrAqBdRMbthYGeogzu5+xmIGCGmsEZ/ukMOBuAqiNiB5qA3MRalg=="
      },
      "IronPython": {
        "type": "Direct",
        "requested": "[3.4.1, )",
        "resolved": "3.4.1",
        "contentHash": "2CKriGKn8KAdEHTpV6umPaEA5kq2tod5npH1V07JeEetJO0PqNYLD7ovJcUB4ZfPVPhwdrlGkOeqyJx8EGGJVA==",
        "dependencies": {
          "DynamicLanguageRuntime": "1.3.4",
          "Mono.Unix": "7.1.0-final.1.21458.1"
        }
      },
      "YamlDotNet": {
        "type": "Direct",
        "requested": "[15.1.2, )",
        "resolved": "15.1.2",
        "contentHash": "qeX0XhzOIcQEvnI5JxnPaIwcINwyY4Qy/LXhSfsdHkFrl9F41AT52UFfy2nIE7kgrhMg+cP7xuS+GtPJhmHmTA=="
      },
      "DynamicLanguageRuntime": {
        "type": "Transitive",
        "resolved": "1.3.4",
        "contentHash": "tYp2w0KSARfyn7MQhagCbHYLfnoVpKXRxhpZDngACq16cTkJyh4BudpI38M4xFRCD78hdYi6WHd7RZZJ96oNFg==",
        "dependencies": {
          "System.CodeDom": "6.0.0"
        }
      },
      "ILRepack": {
        "type": "Transitive",
        "resolved": "2.0.18",
        "contentHash": "sR5Aj3JLDbA8JwESfWYfigSz5k1oNSHPN434W1LX8sboWJYEOSQP/KkvZGmJKPgajzSUKkl2jDar3LPZiMFU4Q=="
      },
      "Mono.Unix": {
        "type": "Transitive",
        "resolved": "7.1.0-final.1.21458.1",
        "contentHash": "Rhxz4A7By8Q0wEgDqR+mioDsYXGrcYMYPiWE9bSaUKMpG8yAGArhetEQV5Ms6KhKCLdQTlPYLBKPZYoKbAvT/g=="
      },
      "Reloaded.Memory": {
        "type": "Transitive",
        "resolved": "7.1.0",
        "contentHash": "4Y5tCsRWdW/shj9W7RqJq37LStuW1VVtjxsBp4LKZilPcjudeQg9k+u+6fnDgacCEJiG3S2EtcaiNtVMTdaSnQ=="
      },
      "System.CodeDom": {
        "type": "Transitive",
        "resolved": "6.0.0",
        "contentHash": "CPc6tWO1LAer3IzfZufDBRL+UZQcj5uS207NHALQzP84Vp/z6wF0Aa0YZImOQY8iStY0A2zI/e3ihKNPfUm8XA=="
      },
      "clicklib": {
        "type": "Project",
        "dependencies": {
          "ILRepack": "[2.0.18, )",
          "Reloaded.Memory": "[7.1.0, )"
        }
      },
      "ecommons": {
        "type": "Project"
      }
    }
  }
}